{
  "name": "FrontEndMasterJourney",
  "lockfileVersion": 3,
  "requires": true,
  "packages": {
    "": {
      "dependencies": {
        "code-block-writer": "^13.0.2"
      }
    },
    "node_modules/code-block-writer": {
      "version": "13.0.2",
      "resolved": "https://registry.npmjs.org/code-block-writer/-/code-block-writer-13.0.2.tgz",
      "integrity": "sha512-XfXzAGiStXSmCIwrkdfvc7FS5Dtj8yelCtyOf2p2skCAfvLd6zu0rGzuS9NSCO3bq1JKpFZ7tbKdKlcd5occQA==",
      "license": "MIT"
    }
  }
}
